
Microsoft Visual Studio Solution File, Format Version 12.00
# Visual Studio Version 17
VisualStudioVersion = 17.4.33213.308
MinimumVisualStudioVersion = 10.0.40219.1
Project("{FAE04EC0-301F-11D3-BF4B-00C04F79EFBC}") = "StudentCrudApiDI_Feb10", "StudentCrudApiDI_Feb10.csproj", "{2C3849BE-81F4-4E9B-8A9B-905EB6665849}"
EndProject
Global
	GlobalSection(SolutionConfigurationPlatforms) = preSolution
		Debug|Any CPU = Debug|Any CPU
		Release|Any CPU = Release|Any CPU
	EndGlobalSection
	GlobalSection(ProjectConfigurationPlatforms) = postSolution
		{2C3849BE-81F4-4E9B-8A9B-905EB6665849}.Debug|Any CPU.ActiveCfg = Debug|Any CPU
		{2C3849BE-81F4-4E9B-8A9B-905EB6665849}.Debug|Any CPU.Build.0 = Debug|Any CPU
		{2C3849BE-81F4-4E9B-8A9B-905EB6665849}.Release|Any CPU.ActiveCfg = Release|Any CPU
		{2C3849BE-81F4-4E9B-8A9B-905EB6665849}.Release|Any CPU.Build.0 = Release|Any CPU
	EndGlobalSection
	GlobalSection(SolutionProperties) = preSolution
		HideSolutionNode = FALSE
	EndGlobalSection
	GlobalSection(ExtensibilityGlobals) = postSolution
		SolutionGuid = {649F3DE8-42EE-428F-8330-09E42E43F6B6}
	EndGlobalSection
EndGlobal
